
Microsoft Visual Studio Solution File, Format Version 12.00
# Visual Studio Version 17
VisualStudioVersion = 17.0.31903.59
MinimumVisualStudioVersion = 10.0.40219.1
Project("{FAE04EC0-301F-11D3-BF4B-00C04F79EFBC}") = "E-BangAzureWorker", "E-BangAzureWorker\E-BangAzureWorker.csproj", "{FDB30171-369D-4E0F-8497-EB0E94F1CB28}"
EndProject
Project("{FAE04EC0-301F-11D3-BF4B-00C04F79EFBC}") = "E-BangEmailWorker", "E-BangEmailWorker\E-BangEmailWorker.csproj", "{B2DF71B1-3326-4269-97F1-641B7E0DBF00}"
EndProject
Project("{FAE04EC0-301F-11D3-BF4B-00C04F79EFBC}") = "E-BangNotificationWorker", "E-BangNotificationWorker\E-BangNotificationWorker.csproj", "{DDFF259F-4DE8-48C0-8C23-4446CCC8A35A}"
EndProject
Global
	GlobalSection(SolutionConfigurationPlatforms) = preSolution
		Debug|Any CPU = Debug|Any CPU
		Debug|x64 = Debug|x64
		Debug|x86 = Debug|x86
		Release|Any CPU = Release|Any CPU
		Release|x64 = Release|x64
		Release|x86 = Release|x86
	EndGlobalSection
	GlobalSection(ProjectConfigurationPlatforms) = postSolution
		{FDB30171-369D-4E0F-8497-EB0E94F1CB28}.Debug|Any CPU.ActiveCfg = Debug|Any CPU
		{FDB30171-369D-4E0F-8497-EB0E94F1CB28}.Debug|Any CPU.Build.0 = Debug|Any CPU
		{FDB30171-369D-4E0F-8497-EB0E94F1CB28}.Debug|x64.ActiveCfg = Debug|Any CPU
		{FDB30171-369D-4E0F-8497-EB0E94F1CB28}.Debug|x64.Build.0 = Debug|Any CPU
		{FDB30171-369D-4E0F-8497-EB0E94F1CB28}.Debug|x86.ActiveCfg = Debug|Any CPU
		{FDB30171-369D-4E0F-8497-EB0E94F1CB28}.Debug|x86.Build.0 = Debug|Any CPU
		{FDB30171-369D-4E0F-8497-EB0E94F1CB28}.Release|Any CPU.ActiveCfg = Release|Any CPU
		{FDB30171-369D-4E0F-8497-EB0E94F1CB28}.Release|Any CPU.Build.0 = Release|Any CPU
		{FDB30171-369D-4E0F-8497-EB0E94F1CB28}.Release|x64.ActiveCfg = Release|Any CPU
		{FDB30171-369D-4E0F-8497-EB0E94F1CB28}.Release|x64.Build.0 = Release|Any CPU
		{FDB30171-369D-4E0F-8497-EB0E94F1CB28}.Release|x86.ActiveCfg = Release|Any CPU
		{FDB30171-369D-4E0F-8497-EB0E94F1CB28}.Release|x86.Build.0 = Release|Any CPU
		{B2DF71B1-3326-4269-97F1-641B7E0DBF00}.Debug|Any CPU.ActiveCfg = Debug|Any CPU
		{B2DF71B1-3326-4269-97F1-641B7E0DBF00}.Debug|Any CPU.Build.0 = Debug|Any CPU
		{B2DF71B1-3326-4269-97F1-641B7E0DBF00}.Debug|x64.ActiveCfg = Debug|Any CPU
		{B2DF71B1-3326-4269-97F1-641B7E0DBF00}.Debug|x64.Build.0 = Debug|Any CPU
		{B2DF71B1-3326-4269-97F1-641B7E0DBF00}.Debug|x86.ActiveCfg = Debug|Any CPU
		{B2DF71B1-3326-4269-97F1-641B7E0DBF00}.Debug|x86.Build.0 = Debug|Any CPU
		{B2DF71B1-3326-4269-97F1-641B7E0DBF00}.Release|Any CPU.ActiveCfg = Release|Any CPU
		{B2DF71B1-3326-4269-97F1-641B7E0DBF00}.Release|Any CPU.Build.0 = Release|Any CPU
		{B2DF71B1-3326-4269-97F1-641B7E0DBF00}.Release|x64.ActiveCfg = Release|Any CPU
		{B2DF71B1-3326-4269-97F1-641B7E0DBF00}.Release|x64.Build.0 = Release|Any CPU
		{B2DF71B1-3326-4269-97F1-641B7E0DBF00}.Release|x86.ActiveCfg = Release|Any CPU
		{B2DF71B1-3326-4269-97F1-641B7E0DBF00}.Release|x86.Build.0 = Release|Any CPU
		{DDFF259F-4DE8-48C0-8C23-4446CCC8A35A}.Debug|Any CPU.ActiveCfg = Debug|Any CPU
		{DDFF259F-4DE8-48C0-8C23-4446CCC8A35A}.Debug|Any CPU.Build.0 = Debug|Any CPU
		{DDFF259F-4DE8-48C0-8C23-4446CCC8A35A}.Debug|x64.ActiveCfg = Debug|Any CPU
		{DDFF259F-4DE8-48C0-8C23-4446CCC8A35A}.Debug|x64.Build.0 = Debug|Any CPU
		{DDFF259F-4DE8-48C0-8C23-4446CCC8A35A}.Debug|x86.ActiveCfg = Debug|Any CPU
		{DDFF259F-4DE8-48C0-8C23-4446CCC8A35A}.Debug|x86.Build.0 = Debug|Any CPU
		{DDFF259F-4DE8-48C0-8C23-4446CCC8A35A}.Release|Any CPU.ActiveCfg = Release|Any CPU
		{DDFF259F-4DE8-48C0-8C23-4446CCC8A35A}.Release|Any CPU.Build.0 = Release|Any CPU
		{DDFF259F-4DE8-48C0-8C23-4446CCC8A35A}.Release|x64.ActiveCfg = Release|Any CPU
		{DDFF259F-4DE8-48C0-8C23-4446CCC8A35A}.Release|x64.Build.0 = Release|Any CPU
		{DDFF259F-4DE8-48C0-8C23-4446CCC8A35A}.Release|x86.ActiveCfg = Release|Any CPU
		{DDFF259F-4DE8-48C0-8C23-4446CCC8A35A}.Release|x86.Build.0 = Release|Any CPU
	EndGlobalSection
	GlobalSection(SolutionProperties) = preSolution
		HideSolutionNode = FALSE
	EndGlobalSection
	GlobalSection(ExtensibilityGlobals) = postSolution
		SolutionGuid = {6432349B-0B6D-4065-BF1E-D19EB53C3481}
	EndGlobalSection
EndGlobal
