Microsoft Visual Studio Solution File, Format Version 12.00
# Visual Studio Version 17
VisualStudioVersion = 17.5.2.0
MinimumVisualStudioVersion = 10.0.40219.1
Project("{FAE04EC0-301F-11D3-BF4B-00C04F79EFBC}") = "E-BangInfrastructure", "E-BangInfrastructure.csproj", "{288940FB-D2B9-648F-AFB1-220661ACB6BD}"
EndProject
Global
	GlobalSection(SolutionConfigurationPlatforms) = preSolution
		Debug|Any CPU = Debug|Any CPU
		Release|Any CPU = Release|Any CPU
	EndGlobalSection
	GlobalSection(ProjectConfigurationPlatforms) = postSolution
		{288940FB-D2B9-648F-AFB1-220661ACB6BD}.Debug|Any CPU.ActiveCfg = Debug|Any CPU
		{288940FB-D2B9-648F-AFB1-220661ACB6BD}.Debug|Any CPU.Build.0 = Debug|Any CPU
		{288940FB-D2B9-648F-AFB1-220661ACB6BD}.Release|Any CPU.ActiveCfg = Release|Any CPU
		{288940FB-D2B9-648F-AFB1-220661ACB6BD}.Release|Any CPU.Build.0 = Release|Any CPU
	EndGlobalSection
	GlobalSection(SolutionProperties) = preSolution
		HideSolutionNode = FALSE
	EndGlobalSection
	GlobalSection(ExtensibilityGlobals) = postSolution
		SolutionGuid = {FB38EB9B-F5F8-4370-BCE7-7F91B6F4022C}
	EndGlobalSection
EndGlobal
