
Microsoft Visual Studio Solution File, Format Version 12.00
# Visual Studio Version 17
VisualStudioVersion = 17.0.31903.59
MinimumVisualStudioVersion = 10.0.40219.1
Project("{FAE04EC0-301F-11D3-BF4B-00C04F79EFBC}") = "App.EmailSender", "E-BangAppEmailBuilder\App.EmailSender.csproj", "{CC30C010-4201-45B8-9FFA-C33320C3F14F}"
EndProject
Project("{FAE04EC0-301F-11D3-BF4B-00C04F79EFBC}") = "E-BangAppHelpersUnitTests", "E-BangAppHelpersUnitTests\E-BangAppHelpersUnitTests.csproj", "{852B9F8D-C6C7-425C-B899-1403D4740456}"
EndProject
Project("{FAE04EC0-301F-11D3-BF4B-00C04F79EFBC}") = "App.RabbitSharedClass", "E-BangAppRabbitSharedClass\App.RabbitSharedClass.csproj", "{4364978F-BBBF-449F-A420-444E2C24CA1A}"
EndProject
Project("{FAE04EC0-301F-11D3-BF4B-00C04F79EFBC}") = "App.RabbitBuilder", "E-BangAppRabbitBuilder\App.RabbitBuilder.csproj", "{1B7DA5B3-761E-4861-8F21-482A05EAD67D}"
EndProject
Project("{FAE04EC0-301F-11D3-BF4B-00C04F79EFBC}") = "App.EmailHelper", "E-BangAppEmailHelper\App.EmailHelper.csproj", "{B4937DE8-D0A8-45E0-AFF4-D6BC39A3D092}"
EndProject
Project("{FAE04EC0-301F-11D3-BF4B-00C04F79EFBC}") = "App.RenderEmail", "App.RenderEmail\App.RenderEmail.csproj", "{6CF6FFF3-82AF-4F1F-AB2E-5F69FDA44258}"
EndProject
Project("{2150E333-8FDC-42A3-9474-1A3956D46DE8}") = "Email", "Email", "{02EA681E-C7D8-13C7-8484-4AC65E1B71E8}"
EndProject
Project("{2150E333-8FDC-42A3-9474-1A3956D46DE8}") = "RabbitMQ", "RabbitMQ", "{C249E1B9-0F39-478B-AC63-4383870C41AE}"
EndProject
Project("{2150E333-8FDC-42A3-9474-1A3956D46DE8}") = "UnitTest", "UnitTest", "{32D80B4F-2830-41F2-9810-F6CDBF355FE3}"
EndProject
Global
	GlobalSection(SolutionConfigurationPlatforms) = preSolution
		Debug|Any CPU = Debug|Any CPU
		Debug|x64 = Debug|x64
		Debug|x86 = Debug|x86
		Release|Any CPU = Release|Any CPU
		Release|x64 = Release|x64
		Release|x86 = Release|x86
	EndGlobalSection
	GlobalSection(ProjectConfigurationPlatforms) = postSolution
		{CC30C010-4201-45B8-9FFA-C33320C3F14F}.Debug|Any CPU.ActiveCfg = Debug|Any CPU
		{CC30C010-4201-45B8-9FFA-C33320C3F14F}.Debug|Any CPU.Build.0 = Debug|Any CPU
		{CC30C010-4201-45B8-9FFA-C33320C3F14F}.Debug|x64.ActiveCfg = Debug|Any CPU
		{CC30C010-4201-45B8-9FFA-C33320C3F14F}.Debug|x64.Build.0 = Debug|Any CPU
		{CC30C010-4201-45B8-9FFA-C33320C3F14F}.Debug|x86.ActiveCfg = Debug|Any CPU
		{CC30C010-4201-45B8-9FFA-C33320C3F14F}.Debug|x86.Build.0 = Debug|Any CPU
		{CC30C010-4201-45B8-9FFA-C33320C3F14F}.Release|Any CPU.ActiveCfg = Release|Any CPU
		{CC30C010-4201-45B8-9FFA-C33320C3F14F}.Release|Any CPU.Build.0 = Release|Any CPU
		{CC30C010-4201-45B8-9FFA-C33320C3F14F}.Release|x64.ActiveCfg = Release|Any CPU
		{CC30C010-4201-45B8-9FFA-C33320C3F14F}.Release|x64.Build.0 = Release|Any CPU
		{CC30C010-4201-45B8-9FFA-C33320C3F14F}.Release|x86.ActiveCfg = Release|Any CPU
		{CC30C010-4201-45B8-9FFA-C33320C3F14F}.Release|x86.Build.0 = Release|Any CPU
		{852B9F8D-C6C7-425C-B899-1403D4740456}.Debug|Any CPU.ActiveCfg = Debug|Any CPU
		{852B9F8D-C6C7-425C-B899-1403D4740456}.Debug|Any CPU.Build.0 = Debug|Any CPU
		{852B9F8D-C6C7-425C-B899-1403D4740456}.Debug|x64.ActiveCfg = Debug|Any CPU
		{852B9F8D-C6C7-425C-B899-1403D4740456}.Debug|x64.Build.0 = Debug|Any CPU
		{852B9F8D-C6C7-425C-B899-1403D4740456}.Debug|x86.ActiveCfg = Debug|Any CPU
		{852B9F8D-C6C7-425C-B899-1403D4740456}.Debug|x86.Build.0 = Debug|Any CPU
		{852B9F8D-C6C7-425C-B899-1403D4740456}.Release|Any CPU.ActiveCfg = Release|Any CPU
		{852B9F8D-C6C7-425C-B899-1403D4740456}.Release|Any CPU.Build.0 = Release|Any CPU
		{852B9F8D-C6C7-425C-B899-1403D4740456}.Release|x64.ActiveCfg = Release|Any CPU
		{852B9F8D-C6C7-425C-B899-1403D4740456}.Release|x64.Build.0 = Release|Any CPU
		{852B9F8D-C6C7-425C-B899-1403D4740456}.Release|x86.ActiveCfg = Release|Any CPU
		{852B9F8D-C6C7-425C-B899-1403D4740456}.Release|x86.Build.0 = Release|Any CPU
		{4364978F-BBBF-449F-A420-444E2C24CA1A}.Debug|Any CPU.ActiveCfg = Debug|Any CPU
		{4364978F-BBBF-449F-A420-444E2C24CA1A}.Debug|Any CPU.Build.0 = Debug|Any CPU
		{4364978F-BBBF-449F-A420-444E2C24CA1A}.Debug|x64.ActiveCfg = Debug|Any CPU
		{4364978F-BBBF-449F-A420-444E2C24CA1A}.Debug|x64.Build.0 = Debug|Any CPU
		{4364978F-BBBF-449F-A420-444E2C24CA1A}.Debug|x86.ActiveCfg = Debug|Any CPU
		{4364978F-BBBF-449F-A420-444E2C24CA1A}.Debug|x86.Build.0 = Debug|Any CPU
		{4364978F-BBBF-449F-A420-444E2C24CA1A}.Release|Any CPU.ActiveCfg = Release|Any CPU
		{4364978F-BBBF-449F-A420-444E2C24CA1A}.Release|Any CPU.Build.0 = Release|Any CPU
		{4364978F-BBBF-449F-A420-444E2C24CA1A}.Release|x64.ActiveCfg = Release|Any CPU
		{4364978F-BBBF-449F-A420-444E2C24CA1A}.Release|x64.Build.0 = Release|Any CPU
		{4364978F-BBBF-449F-A420-444E2C24CA1A}.Release|x86.ActiveCfg = Release|Any CPU
		{4364978F-BBBF-449F-A420-444E2C24CA1A}.Release|x86.Build.0 = Release|Any CPU
		{1B7DA5B3-761E-4861-8F21-482A05EAD67D}.Debug|Any CPU.ActiveCfg = Debug|Any CPU
		{1B7DA5B3-761E-4861-8F21-482A05EAD67D}.Debug|Any CPU.Build.0 = Debug|Any CPU
		{1B7DA5B3-761E-4861-8F21-482A05EAD67D}.Debug|x64.ActiveCfg = Debug|Any CPU
		{1B7DA5B3-761E-4861-8F21-482A05EAD67D}.Debug|x64.Build.0 = Debug|Any CPU
		{1B7DA5B3-761E-4861-8F21-482A05EAD67D}.Debug|x86.ActiveCfg = Debug|Any CPU
		{1B7DA5B3-761E-4861-8F21-482A05EAD67D}.Debug|x86.Build.0 = Debug|Any CPU
		{1B7DA5B3-761E-4861-8F21-482A05EAD67D}.Release|Any CPU.ActiveCfg = Release|Any CPU
		{1B7DA5B3-761E-4861-8F21-482A05EAD67D}.Release|Any CPU.Build.0 = Release|Any CPU
		{1B7DA5B3-761E-4861-8F21-482A05EAD67D}.Release|x64.ActiveCfg = Release|Any CPU
		{1B7DA5B3-761E-4861-8F21-482A05EAD67D}.Release|x64.Build.0 = Release|Any CPU
		{1B7DA5B3-761E-4861-8F21-482A05EAD67D}.Release|x86.ActiveCfg = Release|Any CPU
		{1B7DA5B3-761E-4861-8F21-482A05EAD67D}.Release|x86.Build.0 = Release|Any CPU
		{B4937DE8-D0A8-45E0-AFF4-D6BC39A3D092}.Debug|Any CPU.ActiveCfg = Debug|Any CPU
		{B4937DE8-D0A8-45E0-AFF4-D6BC39A3D092}.Debug|Any CPU.Build.0 = Debug|Any CPU
		{B4937DE8-D0A8-45E0-AFF4-D6BC39A3D092}.Debug|x64.ActiveCfg = Debug|Any CPU
		{B4937DE8-D0A8-45E0-AFF4-D6BC39A3D092}.Debug|x64.Build.0 = Debug|Any CPU
		{B4937DE8-D0A8-45E0-AFF4-D6BC39A3D092}.Debug|x86.ActiveCfg = Debug|Any CPU
		{B4937DE8-D0A8-45E0-AFF4-D6BC39A3D092}.Debug|x86.Build.0 = Debug|Any CPU
		{B4937DE8-D0A8-45E0-AFF4-D6BC39A3D092}.Release|Any CPU.ActiveCfg = Release|Any CPU
		{B4937DE8-D0A8-45E0-AFF4-D6BC39A3D092}.Release|Any CPU.Build.0 = Release|Any CPU
		{B4937DE8-D0A8-45E0-AFF4-D6BC39A3D092}.Release|x64.ActiveCfg = Release|Any CPU
		{B4937DE8-D0A8-45E0-AFF4-D6BC39A3D092}.Release|x64.Build.0 = Release|Any CPU
		{B4937DE8-D0A8-45E0-AFF4-D6BC39A3D092}.Release|x86.ActiveCfg = Release|Any CPU
		{B4937DE8-D0A8-45E0-AFF4-D6BC39A3D092}.Release|x86.Build.0 = Release|Any CPU
		{6CF6FFF3-82AF-4F1F-AB2E-5F69FDA44258}.Debug|Any CPU.ActiveCfg = Debug|Any CPU
		{6CF6FFF3-82AF-4F1F-AB2E-5F69FDA44258}.Debug|Any CPU.Build.0 = Debug|Any CPU
		{6CF6FFF3-82AF-4F1F-AB2E-5F69FDA44258}.Debug|x64.ActiveCfg = Debug|Any CPU
		{6CF6FFF3-82AF-4F1F-AB2E-5F69FDA44258}.Debug|x64.Build.0 = Debug|Any CPU
		{6CF6FFF3-82AF-4F1F-AB2E-5F69FDA44258}.Debug|x86.ActiveCfg = Debug|Any CPU
		{6CF6FFF3-82AF-4F1F-AB2E-5F69FDA44258}.Debug|x86.Build.0 = Debug|Any CPU
		{6CF6FFF3-82AF-4F1F-AB2E-5F69FDA44258}.Release|Any CPU.ActiveCfg = Release|Any CPU
		{6CF6FFF3-82AF-4F1F-AB2E-5F69FDA44258}.Release|Any CPU.Build.0 = Release|Any CPU
		{6CF6FFF3-82AF-4F1F-AB2E-5F69FDA44258}.Release|x64.ActiveCfg = Release|Any CPU
		{6CF6FFF3-82AF-4F1F-AB2E-5F69FDA44258}.Release|x64.Build.0 = Release|Any CPU
		{6CF6FFF3-82AF-4F1F-AB2E-5F69FDA44258}.Release|x86.ActiveCfg = Release|Any CPU
		{6CF6FFF3-82AF-4F1F-AB2E-5F69FDA44258}.Release|x86.Build.0 = Release|Any CPU
	EndGlobalSection
	GlobalSection(SolutionProperties) = preSolution
		HideSolutionNode = FALSE
	EndGlobalSection
	GlobalSection(NestedProjects) = preSolution
		{CC30C010-4201-45B8-9FFA-C33320C3F14F} = {02EA681E-C7D8-13C7-8484-4AC65E1B71E8}
		{852B9F8D-C6C7-425C-B899-1403D4740456} = {32D80B4F-2830-41F2-9810-F6CDBF355FE3}
		{4364978F-BBBF-449F-A420-444E2C24CA1A} = {C249E1B9-0F39-478B-AC63-4383870C41AE}
		{1B7DA5B3-761E-4861-8F21-482A05EAD67D} = {C249E1B9-0F39-478B-AC63-4383870C41AE}
		{B4937DE8-D0A8-45E0-AFF4-D6BC39A3D092} = {02EA681E-C7D8-13C7-8484-4AC65E1B71E8}
		{6CF6FFF3-82AF-4F1F-AB2E-5F69FDA44258} = {02EA681E-C7D8-13C7-8484-4AC65E1B71E8}
	EndGlobalSection
	GlobalSection(ExtensibilityGlobals) = postSolution
		SolutionGuid = {22CAAED4-B5C8-47F9-AB7E-F74FFE36043B}
	EndGlobalSection
EndGlobal
