
Microsoft Visual Studio Solution File, Format Version 12.00
# Visual Studio Version 17
VisualStudioVersion = 17.0.31903.59
MinimumVisualStudioVersion = 10.0.40219.1
Project("{FAE04EC0-301F-11D3-BF4B-00C04F79EFBC}") = "E-BangAppEmailBuilder", "E-BangAppEmailBuilder\E-BangAppEmailBuilder.csproj", "{CC30C010-4201-45B8-9FFA-C33320C3F14F}"
EndProject
Project("{FAE04EC0-301F-11D3-BF4B-00C04F79EFBC}") = "E-BangAppHelpersUnitTests", "E-BangAppHelpersUnitTests\E-BangAppHelpersUnitTests.csproj", "{852B9F8D-C6C7-425C-B899-1403D4740456}"
EndProject
Global
	GlobalSection(SolutionConfigurationPlatforms) = preSolution
		Debug|Any CPU = Debug|Any CPU
		Release|Any CPU = Release|Any CPU
	EndGlobalSection
	GlobalSection(ProjectConfigurationPlatforms) = postSolution
		{CC30C010-4201-45B8-9FFA-C33320C3F14F}.Debug|Any CPU.ActiveCfg = Debug|Any CPU
		{CC30C010-4201-45B8-9FFA-C33320C3F14F}.Debug|Any CPU.Build.0 = Debug|Any CPU
		{CC30C010-4201-45B8-9FFA-C33320C3F14F}.Release|Any CPU.ActiveCfg = Release|Any CPU
		{CC30C010-4201-45B8-9FFA-C33320C3F14F}.Release|Any CPU.Build.0 = Release|Any CPU
		{852B9F8D-C6C7-425C-B899-1403D4740456}.Debug|Any CPU.ActiveCfg = Debug|Any CPU
		{852B9F8D-C6C7-425C-B899-1403D4740456}.Debug|Any CPU.Build.0 = Debug|Any CPU
		{852B9F8D-C6C7-425C-B899-1403D4740456}.Release|Any CPU.ActiveCfg = Release|Any CPU
		{852B9F8D-C6C7-425C-B899-1403D4740456}.Release|Any CPU.Build.0 = Release|Any CPU
	EndGlobalSection
	GlobalSection(SolutionProperties) = preSolution
		HideSolutionNode = FALSE
	EndGlobalSection
	GlobalSection(ExtensibilityGlobals) = postSolution
		SolutionGuid = {22CAAED4-B5C8-47F9-AB7E-F74FFE36043B}
	EndGlobalSection
EndGlobal
